// !$*UTF8*$!
{
	archiveVersion = 1;
	classes = {
	};
	objectVersion = 56;
	objects = {

/* Begin PBXBuildFile section */
		97C43D8B28ECA2000002309F /* ViewModel+Inputs.stencil in Resources */ = {isa = PBXBuildFile; fileRef = 97C43D8928ECA2000002309F /* ViewModel+Inputs.stencil */; };
		97C43D8C28ECA2000002309F /* View+Actions.stencil in Resources */ = {isa = PBXBuildFile; fileRef = 97C43D8A28ECA2000002309F /* View+Actions.stencil */; };
		97C43D8F28ECA2EA0002309F /* XCAssets+Generated.generated.swift in Sources */ = {isa = PBXBuildFile; fileRef = 97C43D8E28ECA2EA0002309F /* XCAssets+Generated.generated.swift */; };
		97C43D9328ECA5290002309F /* ViewModel+Inputs.generated.swift in Sources */ = {isa = PBXBuildFile; fileRef = 97C43D9128ECA5290002309F /* ViewModel+Inputs.generated.swift */; };
		97C43D9428ECA5290002309F /* View+Actions.generated.swift in Sources */ = {isa = PBXBuildFile; fileRef = 97C43D9228ECA5290002309F /* View+Actions.generated.swift */; };
		97E6C3CB28EB457E0057D062 /* SampleApp.swift in Sources */ = {isa = PBXBuildFile; fileRef = 97E6C3CA28EB457E0057D062 /* SampleApp.swift */; };
		97E6C3CD28EB457E0057D062 /* ContentView.swift in Sources */ = {isa = PBXBuildFile; fileRef = 97E6C3CC28EB457E0057D062 /* ContentView.swift */; };
		97E6C3CF28EB457F0057D062 /* Assets.xcassets in Resources */ = {isa = PBXBuildFile; fileRef = 97E6C3CE28EB457F0057D062 /* Assets.xcassets */; };
		97E6C3D228EB457F0057D062 /* Preview Assets.xcassets in Resources */ = {isa = PBXBuildFile; fileRef = 97E6C3D128EB457F0057D062 /* Preview Assets.xcassets */; };
/* End PBXBuildFile section */

/* Begin PBXFileReference section */
		97C43D8928ECA2000002309F /* ViewModel+Inputs.stencil */ = {isa = PBXFileReference; fileEncoding = 4; lastKnownFileType = text; path = "ViewModel+Inputs.stencil"; sourceTree = "<group>"; };
		97C43D8A28ECA2000002309F /* View+Actions.stencil */ = {isa = PBXFileReference; fileEncoding = 4; lastKnownFileType = text; path = "View+Actions.stencil"; sourceTree = "<group>"; };
		97C43D8E28ECA2EA0002309F /* XCAssets+Generated.generated.swift */ = {isa = PBXFileReference; fileEncoding = 4; lastKnownFileType = sourcecode.swift; path = "XCAssets+Generated.generated.swift"; sourceTree = "<group>"; };
		97C43D9128ECA5290002309F /* ViewModel+Inputs.generated.swift */ = {isa = PBXFileReference; fileEncoding = 4; lastKnownFileType = sourcecode.swift; path = "ViewModel+Inputs.generated.swift"; sourceTree = "<group>"; };
		97C43D9228ECA5290002309F /* View+Actions.generated.swift */ = {isa = PBXFileReference; fileEncoding = 4; lastKnownFileType = sourcecode.swift; path = "View+Actions.generated.swift"; sourceTree = "<group>"; };
		97E6C3C728EB457E0057D062 /* Sample-SwiftUI-Task.app */ = {isa = PBXFileReference; explicitFileType = wrapper.application; includeInIndex = 0; path = "Sample-SwiftUI-Task.app"; sourceTree = BUILT_PRODUCTS_DIR; };
		97E6C3CA28EB457E0057D062 /* SampleApp.swift */ = {isa = PBXFileReference; lastKnownFileType = sourcecode.swift; path = SampleApp.swift; sourceTree = "<group>"; };
		97E6C3CC28EB457E0057D062 /* ContentView.swift */ = {isa = PBXFileReference; lastKnownFileType = sourcecode.swift; path = ContentView.swift; sourceTree = "<group>"; };
		97E6C3CE28EB457F0057D062 /* Assets.xcassets */ = {isa = PBXFileReference; lastKnownFileType = folder.assetcatalog; path = Assets.xcassets; sourceTree = "<group>"; };
		97E6C3D128EB457F0057D062 /* Preview Assets.xcassets */ = {isa = PBXFileReference; lastKnownFileType = folder.assetcatalog; path = "Preview Assets.xcassets"; sourceTree = "<group>"; };
/* End PBXFileReference section */

/* Begin PBXFrameworksBuildPhase section */
		97E6C3C428EB457E0057D062 /* Frameworks */ = {
			isa = PBXFrameworksBuildPhase;
			buildActionMask = 2147483647;
			files = (
			);
			runOnlyForDeploymentPostprocessing = 0;
		};
/* End PBXFrameworksBuildPhase section */

/* Begin PBXGroup section */
		97C43D8428ECA0D60002309F /* Resources */ = {
			isa = PBXGroup;
			children = (
				97E6C3CE28EB457F0057D062 /* Assets.xcassets */,
			);
			path = Resources;
			sourceTree = "<group>";
		};
		97C43D8528ECA1930002309F /* Utils */ = {
			isa = PBXGroup;
			children = (
				97C43D8628ECA1BB0002309F /* Generated */,
			);
			path = Utils;
			sourceTree = "<group>";
		};
		97C43D8628ECA1BB0002309F /* Generated */ = {
			isa = PBXGroup;
			children = (
				97C43D8D28ECA2980002309F /* SwiftGen */,
				97C43D8728ECA1CF0002309F /* Sourcery */,
			);
			path = Generated;
			sourceTree = "<group>";
		};
		97C43D8728ECA1CF0002309F /* Sourcery */ = {
			isa = PBXGroup;
			children = (
				97C43D9228ECA5290002309F /* View+Actions.generated.swift */,
				97C43D9128ECA5290002309F /* ViewModel+Inputs.generated.swift */,
				97C43D8828ECA1DD0002309F /* Templates */,
			);
			path = Sourcery;
			sourceTree = "<group>";
		};
		97C43D8828ECA1DD0002309F /* Templates */ = {
			isa = PBXGroup;
			children = (
				97C43D8A28ECA2000002309F /* View+Actions.stencil */,
				97C43D8928ECA2000002309F /* ViewModel+Inputs.stencil */,
			);
			path = Templates;
			sourceTree = "<group>";
		};
		97C43D8D28ECA2980002309F /* SwiftGen */ = {
			isa = PBXGroup;
			children = (
				97C43D8E28ECA2EA0002309F /* XCAssets+Generated.generated.swift */,
			);
			path = SwiftGen;
			sourceTree = "<group>";
		};
		97E6C3BE28EB457E0057D062 = {
			isa = PBXGroup;
			children = (
				97E6C3C928EB457E0057D062 /* Sample-SwiftUI-Task */,
				97E6C3C828EB457E0057D062 /* Products */,
			);
			sourceTree = "<group>";
		};
		97E6C3C828EB457E0057D062 /* Products */ = {
			isa = PBXGroup;
			children = (
				97E6C3C728EB457E0057D062 /* Sample-SwiftUI-Task.app */,
			);
			name = Products;
			sourceTree = "<group>";
		};
		97E6C3C928EB457E0057D062 /* Sample-SwiftUI-Task */ = {
			isa = PBXGroup;
			children = (
				97C43D8528ECA1930002309F /* Utils */,
				97C43D8428ECA0D60002309F /* Resources */,
				97E6C3CA28EB457E0057D062 /* SampleApp.swift */,
				97E6C3CC28EB457E0057D062 /* ContentView.swift */,
				97E6C3D028EB457F0057D062 /* Preview Content */,
			);
			path = "Sample-SwiftUI-Task";
			sourceTree = "<group>";
		};
		97E6C3D028EB457F0057D062 /* Preview Content */ = {
			isa = PBXGroup;
			children = (
				97E6C3D128EB457F0057D062 /* Preview Assets.xcassets */,
			);
			path = "Preview Content";
			sourceTree = "<group>";
		};
/* End PBXGroup section */

/* Begin PBXNativeTarget section */
		97E6C3C628EB457E0057D062 /* Sample-SwiftUI-Task */ = {
			isa = PBXNativeTarget;
			buildConfigurationList = 97E6C3D528EB457F0057D062 /* Build configuration list for PBXNativeTarget "Sample-SwiftUI-Task" */;
			buildPhases = (
				97C43D9028ECA35A0002309F /* Sourcery */,
				97C43D8128ECA0120002309F /* SwiftGen */,
				97C43D8328ECA0250002309F /* SwiftLint */,
				97E6C3C328EB457E0057D062 /* Sources */,
				97E6C3C428EB457E0057D062 /* Frameworks */,
				97E6C3C528EB457E0057D062 /* Resources */,
			);
			buildRules = (
			);
			dependencies = (
			);
			name = "Sample-SwiftUI-Task";
			productName = "Sample-SwiftUI-Task";
			productReference = 97E6C3C728EB457E0057D062 /* Sample-SwiftUI-Task.app */;
			productType = "com.apple.product-type.application";
		};
/* End PBXNativeTarget section */

/* Begin PBXProject section */
		97E6C3BF28EB457E0057D062 /* Project object */ = {
			isa = PBXProject;
			attributes = {
				BuildIndependentTargetsInParallel = 1;
				LastSwiftUpdateCheck = 1400;
				LastUpgradeCheck = 1400;
				TargetAttributes = {
					97E6C3C628EB457E0057D062 = {
						CreatedOnToolsVersion = 14.0.1;
					};
				};
			};
			buildConfigurationList = 97E6C3C228EB457E0057D062 /* Build configuration list for PBXProject "Sample-SwiftUI-Task" */;
			compatibilityVersion = "Xcode 14.0";
			developmentRegion = en;
			hasScannedForEncodings = 0;
			knownRegions = (
				en,
				Base,
			);
			mainGroup = 97E6C3BE28EB457E0057D062;
			productRefGroup = 97E6C3C828EB457E0057D062 /* Products */;
			projectDirPath = "";
			projectRoot = "";
			targets = (
				97E6C3C628EB457E0057D062 /* Sample-SwiftUI-Task */,
			);
		};
/* End PBXProject section */

/* Begin PBXResourcesBuildPhase section */
		97E6C3C528EB457E0057D062 /* Resources */ = {
			isa = PBXResourcesBuildPhase;
			buildActionMask = 2147483647;
			files = (
				97E6C3D228EB457F0057D062 /* Preview Assets.xcassets in Resources */,
				97E6C3CF28EB457F0057D062 /* Assets.xcassets in Resources */,
				97C43D8B28ECA2000002309F /* ViewModel+Inputs.stencil in Resources */,
				97C43D8C28ECA2000002309F /* View+Actions.stencil in Resources */,
			);
			runOnlyForDeploymentPostprocessing = 0;
		};
/* End PBXResourcesBuildPhase section */

/* Begin PBXShellScriptBuildPhase section */
		97C43D8128ECA0120002309F /* SwiftGen */ = {
			isa = PBXShellScriptBuildPhase;
			alwaysOutOfDate = 1;
			buildActionMask = 2147483647;
			files = (
			);
			inputFileListPaths = (
			);
			inputPaths = (
			);
			name = SwiftGen;
			outputFileListPaths = (
			);
			outputPaths = (
			);
			runOnlyForDeploymentPostprocessing = 0;
			shellPath = /bin/sh;
			shellScript = "export PATH=\"$PATH:/opt/homebrew/bin\"\n\nif which swiftgen > /dev/null; then\n  swiftgen config run --config \"${PROJECT_DIR}/.swiftgen.yml\"\nelse\n  echo \"warning: SwiftGen is not installed\"\nfi\n";
		};
		97C43D8328ECA0250002309F /* SwiftLint */ = {
			isa = PBXShellScriptBuildPhase;
			alwaysOutOfDate = 1;
			buildActionMask = 2147483647;
			files = (
			);
			inputFileListPaths = (
			);
			inputPaths = (
			);
			name = SwiftLint;
			outputFileListPaths = (
			);
			outputPaths = (
			);
			runOnlyForDeploymentPostprocessing = 0;
			shellPath = /bin/sh;
			shellScript = "export PATH=\"$PATH:/opt/homebrew/bin\"\n\nif which swiftlint > /dev/null; then\n  swiftlint\nelse\n  echo \"warning: SwiftLint not installed\"\nfi\n";
		};
		97C43D9028ECA35A0002309F /* Sourcery */ = {
			isa = PBXShellScriptBuildPhase;
			alwaysOutOfDate = 1;
			buildActionMask = 2147483647;
			files = (
			);
			inputFileListPaths = (
			);
			inputPaths = (
			);
			name = Sourcery;
			outputFileListPaths = (
			);
			outputPaths = (
			);
			runOnlyForDeploymentPostprocessing = 0;
			shellPath = /bin/sh;
			shellScript = "export PATH=\"$PATH:/opt/homebrew/bin\"\n\nif which swiftlint > /dev/null; then\n  sourcery --config \"${PROJECT_DIR}/.sourcery.yml\"\nelse\n  echo \"warning: Sourcery is not installed\"\nfi\n\n";
		};
/* End PBXShellScriptBuildPhase section */

/* Begin PBXSourcesBuildPhase section */
		97E6C3C328EB457E0057D062 /* Sources */ = {
			isa = PBXSourcesBuildPhase;
			buildActionMask = 2147483647;
			files = (
				97C43D9328ECA5290002309F /* ViewModel+Inputs.generated.swift in Sources */,
				97C43D9428ECA5290002309F /* View+Actions.generated.swift in Sources */,
				97E6C3CD28EB457E0057D062 /* ContentView.swift in Sources */,
				97E6C3CB28EB457E0057D062 /* SampleApp.swift in Sources */,
				97C43D8F28ECA2EA0002309F /* XCAssets+Generated.generated.swift in Sources */,
			);
			runOnlyForDeploymentPostprocessing = 0;
		};
/* End PBXSourcesBuildPhase section */

/* Begin XCBuildConfiguration section */
		97E6C3D328EB457F0057D062 /* Debug */ = {
			isa = XCBuildConfiguration;
			buildSettings = {
				ALWAYS_SEARCH_USER_PATHS = NO;
				CLANG_ANALYZER_NONNULL = YES;
				CLANG_ANALYZER_NUMBER_OBJECT_CONVERSION = YES_AGGRESSIVE;
				CLANG_CXX_LANGUAGE_STANDARD = "gnu++20";
				CLANG_ENABLE_MODULES = YES;
				CLANG_ENABLE_OBJC_ARC = YES;
				CLANG_ENABLE_OBJC_WEAK = YES;
				CLANG_WARN_BLOCK_CAPTURE_AUTORELEASING = YES;
				CLANG_WARN_BOOL_CONVERSION = YES;
				CLANG_WARN_COMMA = YES;
				CLANG_WARN_CONSTANT_CONVERSION = YES;
				CLANG_WARN_DEPRECATED_OBJC_IMPLEMENTATIONS = YES;
				CLANG_WARN_DIRECT_OBJC_ISA_USAGE = YES_ERROR;
				CLANG_WARN_DOCUMENTATION_COMMENTS = YES;
				CLANG_WARN_EMPTY_BODY = YES;
				CLANG_WARN_ENUM_CONVERSION = YES;
				CLANG_WARN_INFINITE_RECURSION = YES;
				CLANG_WARN_INT_CONVERSION = YES;
				CLANG_WARN_NON_LITERAL_NULL_CONVERSION = YES;
				CLANG_WARN_OBJC_IMPLICIT_RETAIN_SELF = YES;
				CLANG_WARN_OBJC_LITERAL_CONVERSION = YES;
				CLANG_WARN_OBJC_ROOT_CLASS = YES_ERROR;
				CLANG_WARN_QUOTED_INCLUDE_IN_FRAMEWORK_HEADER = YES;
				CLANG_WARN_RANGE_LOOP_ANALYSIS = YES;
				CLANG_WARN_STRICT_PROTOTYPES = YES;
				CLANG_WARN_SUSPICIOUS_MOVE = YES;
				CLANG_WARN_UNGUARDED_AVAILABILITY = YES_AGGRESSIVE;
				CLANG_WARN_UNREACHABLE_CODE = YES;
				CLANG_WARN__DUPLICATE_METHOD_MATCH = YES;
				COPY_PHASE_STRIP = NO;
				DEBUG_INFORMATION_FORMAT = dwarf;
				ENABLE_STRICT_OBJC_MSGSEND = YES;
				ENABLE_TESTABILITY = YES;
				GCC_C_LANGUAGE_STANDARD = gnu11;
				GCC_DYNAMIC_NO_PIC = NO;
				GCC_NO_COMMON_BLOCKS = YES;
				GCC_OPTIMIZATION_LEVEL = 0;
				GCC_PREPROCESSOR_DEFINITIONS = (
					"DEBUG=1",
					"$(inherited)",
				);
				GCC_WARN_64_TO_32_BIT_CONVERSION = YES;
				GCC_WARN_ABOUT_RETURN_TYPE = YES_ERROR;
				GCC_WARN_UNDECLARED_SELECTOR = YES;
				GCC_WARN_UNINITIALIZED_AUTOS = YES_AGGRESSIVE;
				GCC_WARN_UNUSED_FUNCTION = YES;
				GCC_WARN_UNUSED_VARIABLE = YES;
				IPHONEOS_DEPLOYMENT_TARGET = 16.0;
				MTL_ENABLE_DEBUG_INFO = INCLUDE_SOURCE;
				MTL_FAST_MATH = YES;
				ONLY_ACTIVE_ARCH = YES;
				SDKROOT = iphoneos;
				SWIFT_ACTIVE_COMPILATION_CONDITIONS = DEBUG;
				SWIFT_OPTIMIZATION_LEVEL = "-Onone";
			};
			name = Debug;
		};
		97E6C3D428EB457F0057D062 /* Release */ = {
			isa = XCBuildConfiguration;
			buildSettings = {
				ALWAYS_SEARCH_USER_PATHS = NO;
				CLANG_ANALYZER_NONNULL = YES;
				CLANG_ANALYZER_NUMBER_OBJECT_CONVERSION = YES_AGGRESSIVE;
				CLANG_CXX_LANGUAGE_STANDARD = "gnu++20";
				CLANG_ENABLE_MODULES = YES;
				CLANG_ENABLE_OBJC_ARC = YES;
				CLANG_ENABLE_OBJC_WEAK = YES;
				CLANG_WARN_BLOCK_CAPTURE_AUTORELEASING = YES;
				CLANG_WARN_BOOL_CONVERSION = YES;
				CLANG_WARN_COMMA = YES;
				CLANG_WARN_CONSTANT_CONVERSION = YES;
				CLANG_WARN_DEPRECATED_OBJC_IMPLEMENTATIONS = YES;
				CLANG_WARN_DIRECT_OBJC_ISA_USAGE = YES_ERROR;
				CLANG_WARN_DOCUMENTATION_COMMENTS = YES;
				CLANG_WARN_EMPTY_BODY = YES;
				CLANG_WARN_ENUM_CONVERSION = YES;
				CLANG_WARN_INFINITE_RECURSION = YES;
				CLANG_WARN_INT_CONVERSION = YES;
				CLANG_WARN_NON_LITERAL_NULL_CONVERSION = YES;
				CLANG_WARN_OBJC_IMPLICIT_RETAIN_SELF = YES;
				CLANG_WARN_OBJC_LITERAL_CONVERSION = YES;
				CLANG_WARN_OBJC_ROOT_CLASS = YES_ERROR;
				CLANG_WARN_QUOTED_INCLUDE_IN_FRAMEWORK_HEADER = YES;
				CLANG_WARN_RANGE_LOOP_ANALYSIS = YES;
				CLANG_WARN_STRICT_PROTOTYPES = YES;
				CLANG_WARN_SUSPICIOUS_MOVE = YES;
				CLANG_WARN_UNGUARDED_AVAILABILITY = YES_AGGRESSIVE;
				CLANG_WARN_UNREACHABLE_CODE = YES;
				CLANG_WARN__DUPLICATE_METHOD_MATCH = YES;
				COPY_PHASE_STRIP = NO;
				DEBUG_INFORMATION_FORMAT = "dwarf-with-dsym";
				ENABLE_NS_ASSERTIONS = NO;
				ENABLE_STRICT_OBJC_MSGSEND = YES;
				GCC_C_LANGUAGE_STANDARD = gnu11;
				GCC_NO_COMMON_BLOCKS = YES;
				GCC_WARN_64_TO_32_BIT_CONVERSION = YES;
				GCC_WARN_ABOUT_RETURN_TYPE = YES_ERROR;
				GCC_WARN_UNDECLARED_SELECTOR = YES;
				GCC_WARN_UNINITIALIZED_AUTOS = YES_AGGRESSIVE;
				GCC_WARN_UNUSED_FUNCTION = YES;
				GCC_WARN_UNUSED_VARIABLE = YES;
				IPHONEOS_DEPLOYMENT_TARGET = 16.0;
				MTL_ENABLE_DEBUG_INFO = NO;
				MTL_FAST_MATH = YES;
				SDKROOT = iphoneos;
				SWIFT_COMPILATION_MODE = wholemodule;
				SWIFT_OPTIMIZATION_LEVEL = "-O";
				VALIDATE_PRODUCT = YES;
			};
			name = Release;
		};
		97E6C3D628EB457F0057D062 /* Debug */ = {
			isa = XCBuildConfiguration;
			buildSettings = {
				ASSETCATALOG_COMPILER_APPICON_NAME = AppIcon;
				ASSETCATALOG_COMPILER_GLOBAL_ACCENT_COLOR_NAME = AccentColor;
				CODE_SIGN_STYLE = Automatic;
				CURRENT_PROJECT_VERSION = 1;
				DEVELOPMENT_ASSET_PATHS = "\"Sample-SwiftUI-Task/Preview Content\"";
				DEVELOPMENT_TEAM = 8S2T7CW7UV;
				ENABLE_PREVIEWS = YES;
				GENERATE_INFOPLIST_FILE = YES;
				INFOPLIST_KEY_UIApplicationSceneManifest_Generation = YES;
				INFOPLIST_KEY_UIApplicationSupportsIndirectInputEvents = YES;
				INFOPLIST_KEY_UILaunchScreen_Generation = YES;
				INFOPLIST_KEY_UISupportedInterfaceOrientations_iPad = "UIInterfaceOrientationPortrait UIInterfaceOrientationPortraitUpsideDown UIInterfaceOrientationLandscapeLeft UIInterfaceOrientationLandscapeRight";
				INFOPLIST_KEY_UISupportedInterfaceOrientations_iPhone = "UIInterfaceOrientationPortrait UIInterfaceOrientationLandscapeLeft UIInterfaceOrientationLandscapeRight";
				LD_RUNPATH_SEARCH_PATHS = (
					"$(inherited)",
					"@executable_path/Frameworks",
				);
				MARKETING_VERSION = 1.0;
				PRODUCT_BUNDLE_IDENTIFIER = "graboosky.Sample-SwiftUI-Task";
				PRODUCT_NAME = "$(TARGET_NAME)";
				SWIFT_EMIT_LOC_STRINGS = YES;
				SWIFT_VERSION = 5.0;
				TARGETED_DEVICE_FAMILY = "1,2";
			};
			name = Debug;
		};
		97E6C3D728EB457F0057D062 /* Release */ = {
			isa = XCBuildConfiguration;
			buildSettings = {
				ASSETCATALOG_COMPILER_APPICON_NAME = AppIcon;
				ASSETCATALOG_COMPILER_GLOBAL_ACCENT_COLOR_NAME = AccentColor;
				CODE_SIGN_STYLE = Automatic;
				CURRENT_PROJECT_VERSION = 1;
				DEVELOPMENT_ASSET_PATHS = "\"Sample-SwiftUI-Task/Preview Content\"";
				DEVELOPMENT_TEAM = 8S2T7CW7UV;
				ENABLE_PREVIEWS = YES;
				GENERATE_INFOPLIST_FILE = YES;
				INFOPLIST_KEY_UIApplicationSceneManifest_Generation = YES;
				INFOPLIST_KEY_UIApplicationSupportsIndirectInputEvents = YES;
				INFOPLIST_KEY_UILaunchScreen_Generation = YES;
				INFOPLIST_KEY_UISupportedInterfaceOrientations_iPad = "UIInterfaceOrientationPortrait UIInterfaceOrientationPortraitUpsideDown UIInterfaceOrientationLandscapeLeft UIInterfaceOrientationLandscapeRight";
				INFOPLIST_KEY_UISupportedInterfaceOrientations_iPhone = "UIInterfaceOrientationPortrait UIInterfaceOrientationLandscapeLeft UIInterfaceOrientationLandscapeRight";
				LD_RUNPATH_SEARCH_PATHS = (
					"$(inherited)",
					"@executable_path/Frameworks",
				);
				MARKETING_VERSION = 1.0;
				PRODUCT_BUNDLE_IDENTIFIER = "graboosky.Sample-SwiftUI-Task";
				PRODUCT_NAME = "$(TARGET_NAME)";
				SWIFT_EMIT_LOC_STRINGS = YES;
				SWIFT_VERSION = 5.0;
				TARGETED_DEVICE_FAMILY = "1,2";
			};
			name = Release;
		};
/* End XCBuildConfiguration section */

/* Begin XCConfigurationList section */
		97E6C3C228EB457E0057D062 /* Build configuration list for PBXProject "Sample-SwiftUI-Task" */ = {
			isa = XCConfigurationList;
			buildConfigurations = (
				97E6C3D328EB457F0057D062 /* Debug */,
				97E6C3D428EB457F0057D062 /* Release */,
			);
			defaultConfigurationIsVisible = 0;
			defaultConfigurationName = Release;
		};
		97E6C3D528EB457F0057D062 /* Build configuration list for PBXNativeTarget "Sample-SwiftUI-Task" */ = {
			isa = XCConfigurationList;
			buildConfigurations = (
				97E6C3D628EB457F0057D062 /* Debug */,
				97E6C3D728EB457F0057D062 /* Release */,
			);
			defaultConfigurationIsVisible = 0;
			defaultConfigurationName = Release;
		};
/* End XCConfigurationList section */
	};
	rootObject = 97E6C3BF28EB457E0057D062 /* Project object */;
}
